
Microsoft Visual Studio Solution File, Format Version 12.00
# Visual Studio Version 16
VisualStudioVersion = 16.0.29924.181
MinimumVisualStudioVersion = 10.0.40219.1
Project("{9A19103F-16F7-4668-BE54-9A1E7A4F7556}") = "University-Management-System-API", "University-Management-System-API.csproj", "{3972C0B5-EFEB-48EC-B5B7-8541C7A9D207}"
EndProject
Global
	GlobalSection(SolutionConfigurationPlatforms) = preSolution
		Debug|Any CPU = Debug|Any CPU
		Release|Any CPU = Release|Any CPU
	EndGlobalSection
	GlobalSection(ProjectConfigurationPlatforms) = postSolution
		{3972C0B5-EFEB-48EC-B5B7-8541C7A9D207}.Debug|Any CPU.ActiveCfg = Debug|Any CPU
		{3972C0B5-EFEB-48EC-B5B7-8541C7A9D207}.Debug|Any CPU.Build.0 = Debug|Any CPU
		{3972C0B5-EFEB-48EC-B5B7-8541C7A9D207}.Release|Any CPU.ActiveCfg = Release|Any CPU
		{3972C0B5-EFEB-48EC-B5B7-8541C7A9D207}.Release|Any CPU.Build.0 = Release|Any CPU
	EndGlobalSection
	GlobalSection(SolutionProperties) = preSolution
		HideSolutionNode = FALSE
	EndGlobalSection
	GlobalSection(ExtensibilityGlobals) = postSolution
		SolutionGuid = {C153FAAE-1419-45AF-A0C3-E4CA1A1CE875}
	EndGlobalSection
EndGlobal
